
Microsoft Visual Studio Solution File, Format Version 12.00
# Visual Studio Version 17
VisualStudioVersion = 17.0.32112.339
MinimumVisualStudioVersion = 10.0.40219.1
Project("{9A19103F-16F7-4668-BE54-9A1E7A4F7556}") = "AMServer", "AMServer\AMServer.csproj", "{54679A88-1765-4473-9BAE-EAA2F54A1DCC}"
EndProject
Project("{9A19103F-16F7-4668-BE54-9A1E7A4F7556}") = "Model", "Model\Model.csproj", "{2E3850D9-C910-4647-A217-9DAFDBEC3381}"
EndProject
Project("{9A19103F-16F7-4668-BE54-9A1E7A4F7556}") = "console", "console\console.csproj", "{06FE4E36-199F-4130-84EB-4A12992D9993}"
EndProject
Global
	GlobalSection(SolutionConfigurationPlatforms) = preSolution
		Debug|Any CPU = Debug|Any CPU
		Release|Any CPU = Release|Any CPU
	EndGlobalSection
	GlobalSection(ProjectConfigurationPlatforms) = postSolution
		{54679A88-1765-4473-9BAE-EAA2F54A1DCC}.Debug|Any CPU.ActiveCfg = Debug|Any CPU
		{54679A88-1765-4473-9BAE-EAA2F54A1DCC}.Debug|Any CPU.Build.0 = Debug|Any CPU
		{54679A88-1765-4473-9BAE-EAA2F54A1DCC}.Release|Any CPU.ActiveCfg = Release|Any CPU
		{54679A88-1765-4473-9BAE-EAA2F54A1DCC}.Release|Any CPU.Build.0 = Release|Any CPU
		{2E3850D9-C910-4647-A217-9DAFDBEC3381}.Debug|Any CPU.ActiveCfg = Debug|Any CPU
		{2E3850D9-C910-4647-A217-9DAFDBEC3381}.Debug|Any CPU.Build.0 = Debug|Any CPU
		{2E3850D9-C910-4647-A217-9DAFDBEC3381}.Release|Any CPU.ActiveCfg = Release|Any CPU
		{2E3850D9-C910-4647-A217-9DAFDBEC3381}.Release|Any CPU.Build.0 = Release|Any CPU
		{06FE4E36-199F-4130-84EB-4A12992D9993}.Debug|Any CPU.ActiveCfg = Debug|Any CPU
		{06FE4E36-199F-4130-84EB-4A12992D9993}.Debug|Any CPU.Build.0 = Debug|Any CPU
		{06FE4E36-199F-4130-84EB-4A12992D9993}.Release|Any CPU.ActiveCfg = Release|Any CPU
		{06FE4E36-199F-4130-84EB-4A12992D9993}.Release|Any CPU.Build.0 = Release|Any CPU
	EndGlobalSection
	GlobalSection(SolutionProperties) = preSolution
		HideSolutionNode = FALSE
	EndGlobalSection
	GlobalSection(ExtensibilityGlobals) = postSolution
		SolutionGuid = {928360B3-5A5C-4CDE-8504-5911454D726D}
	EndGlobalSection
EndGlobal
